
Microsoft Visual Studio Solution File, Format Version 12.00
# Visual Studio Version 17
VisualStudioVersion = 17.6.33815.320
MinimumVisualStudioVersion = 10.0.40219.1
Project("{FAE04EC0-301F-11D3-BF4B-00C04F79EFBC}") = "C# 2 Prüfung 2", "C# 2 Prüfung 2.csproj", "{4423AA30-D856-48FC-99C0-032E2273B1D6}"
EndProject
Global
	GlobalSection(SolutionConfigurationPlatforms) = preSolution
		Debug|Any CPU = Debug|Any CPU
		Release|Any CPU = Release|Any CPU
	EndGlobalSection
	GlobalSection(ProjectConfigurationPlatforms) = postSolution
		{4423AA30-D856-48FC-99C0-032E2273B1D6}.Debug|Any CPU.ActiveCfg = Debug|Any CPU
		{4423AA30-D856-48FC-99C0-032E2273B1D6}.Debug|Any CPU.Build.0 = Debug|Any CPU
		{4423AA30-D856-48FC-99C0-032E2273B1D6}.Release|Any CPU.ActiveCfg = Release|Any CPU
		{4423AA30-D856-48FC-99C0-032E2273B1D6}.Release|Any CPU.Build.0 = Release|Any CPU
	EndGlobalSection
	GlobalSection(SolutionProperties) = preSolution
		HideSolutionNode = FALSE
	EndGlobalSection
	GlobalSection(ExtensibilityGlobals) = postSolution
		SolutionGuid = {E929E14F-C422-4C12-9717-4FE957BEECBA}
	EndGlobalSection
EndGlobal
